
Microsoft Visual Studio Solution File, Format Version 12.00
# Visual Studio Version 17
VisualStudioVersion = 17.0.31903.59
MinimumVisualStudioVersion = 10.0.40219.1
Project("{9A19103F-16F7-4668-BE54-9A1E7A4F7556}") = "GameAutomation.Core", "src\GameAutomation.Core\GameAutomation.Core.csproj", "{D33EC502-8188-488B-8F94-E41A262768BB}"
EndProject
Project("{2150E333-8FDC-42A3-9474-1A3956D46DE8}") = "Solution Items", "Solution Items", "{2D2D335F-A4D0-4FEB-B147-4535FED56327}"
	ProjectSection(SolutionItems) = preProject
		.editorconfig = .editorconfig
	EndProjectSection
EndProject
Project("{9A19103F-16F7-4668-BE54-9A1E7A4F7556}") = "GameAutomation.Interception", "src\GameAutomation.Interception\GameAutomation.Interception.csproj", "{33A71BFC-5AF3-43F6-8244-97230AA515F3}"
EndProject
Global
	GlobalSection(SolutionConfigurationPlatforms) = preSolution
		Debug|Any CPU = Debug|Any CPU
		Release|Any CPU = Release|Any CPU
	EndGlobalSection
	GlobalSection(ProjectConfigurationPlatforms) = postSolution
		{D33EC502-8188-488B-8F94-E41A262768BB}.Debug|Any CPU.ActiveCfg = Debug|Any CPU
		{D33EC502-8188-488B-8F94-E41A262768BB}.Debug|Any CPU.Build.0 = Debug|Any CPU
		{D33EC502-8188-488B-8F94-E41A262768BB}.Release|Any CPU.ActiveCfg = Release|Any CPU
		{D33EC502-8188-488B-8F94-E41A262768BB}.Release|Any CPU.Build.0 = Release|Any CPU
		{33A71BFC-5AF3-43F6-8244-97230AA515F3}.Debug|Any CPU.ActiveCfg = Debug|Any CPU
		{33A71BFC-5AF3-43F6-8244-97230AA515F3}.Debug|Any CPU.Build.0 = Debug|Any CPU
		{33A71BFC-5AF3-43F6-8244-97230AA515F3}.Release|Any CPU.ActiveCfg = Release|Any CPU
		{33A71BFC-5AF3-43F6-8244-97230AA515F3}.Release|Any CPU.Build.0 = Release|Any CPU
	EndGlobalSection
	GlobalSection(SolutionProperties) = preSolution
		HideSolutionNode = FALSE
	EndGlobalSection
	GlobalSection(ExtensibilityGlobals) = postSolution
		SolutionGuid = {DC1D807D-0006-40DC-A014-6821145B24DF}
	EndGlobalSection
EndGlobal
